<Solution>
  <Folder Name="/App/">
    <Project Path="MauiAppIntentsSample/MauiAppIntentsSample.csproj" />
    <Project Path="MauiAppIntentsSample.Binding/MauiAppIntentsSample.Binding.csproj" />
  </Folder>
  <Folder Name="/Packages/">
    <Project Path="Maui.AppIntents.Generator.Tests/Maui.AppIntents.Generator.Tests.csproj" />
    <Project Path="Maui.AppIntents/Maui.AppIntents.csproj" />
  </Folder>
</Solution>
