// !$*UTF8*$!
{
	archiveVersion = 1;
	classes = {
	};
	objectVersion = 56;
	objects = {

/* Begin PBXBuildFile section */
		7226C46FCD8F4DFBB52F1D79 /* BridgeModels.swift in Sources */ = {isa = PBXBuildFile; fileRef = C97404E80CA84932A41D5976 /* BridgeModels.swift */; };
		FD24C456386B4B059CA07A16 /* TaskDataBridge.swift in Sources */ = {isa = PBXBuildFile; fileRef = F3FC6DC9427146D59CDC4DA0 /* TaskDataBridge.swift */; };
		A1B2C3D4E5F64789ABCDEF01 /* IntentDonationBridge.swift in Sources */ = {isa = PBXBuildFile; fileRef = D4E5F6A7B8C94D01E2F3A4B5 /* IntentDonationBridge.swift */; };
		398BD605B526486BB390C549 /* TaskEntity.swift in Sources */ = {isa = PBXBuildFile; fileRef = F05B21CBA03A466BA77688B6 /* TaskEntity.swift */; };
		7D39510F6CF14C44A6A3650A /* TaskQuery.swift in Sources */ = {isa = PBXBuildFile; fileRef = 1FFA4953832849C3A27BCBC9 /* TaskQuery.swift */; };
		3D4E41C4A4A2495883DEB9EF /* TaskCategory.swift in Sources */ = {isa = PBXBuildFile; fileRef = B1BCAF89D4274312B0ACE4BD /* TaskCategory.swift */; };
		3301E426EA7949C593D61DFF /* TaskPriority.swift in Sources */ = {isa = PBXBuildFile; fileRef = 21B9A059674C41EC844E9406 /* TaskPriority.swift */; };
		1CBF82E8F433452C9ADE2C03 /* CompleteTaskIntent.swift in Sources */ = {isa = PBXBuildFile; fileRef = EDCF0BED031843969DA1C7CA /* CompleteTaskIntent.swift */; };
		B4361D2814604C68B6593EC3 /* CreateTaskIntent.swift in Sources */ = {isa = PBXBuildFile; fileRef = 9C2761A7E915436D962E21E4 /* CreateTaskIntent.swift */; };
		8B3785D15B874EF48021D49F /* IntentError.swift in Sources */ = {isa = PBXBuildFile; fileRef = 3597B37966494EC7824A91E4 /* IntentError.swift */; };
		C38B7224DDF9421082A3C385 /* ListTasksIntent.swift in Sources */ = {isa = PBXBuildFile; fileRef = 0B9F2B6AA35D42A0B6E518D8 /* ListTasksIntent.swift */; };
		623995CB5BB9418287791336 /* OpenTaskIntent.swift in Sources */ = {isa = PBXBuildFile; fileRef = 8B05D0D9BC974DD4B6AE43FB /* OpenTaskIntent.swift */; };
		088F367153B146A68040FFA1 /* SearchTasksIntent.swift in Sources */ = {isa = PBXBuildFile; fileRef = A38B533F0BED40EEB61BA7BB /* SearchTasksIntent.swift */; };
		C2BB62EF503D4776B54283C1 /* SetDueDateIntent.swift in Sources */ = {isa = PBXBuildFile; fileRef = 32CFD594E7B3496C8CED3D04 /* SetDueDateIntent.swift */; };
		F3AC0851F8604FF89131B814 /* TaskTrackerShortcuts.swift in Sources */ = {isa = PBXBuildFile; fileRef = E1B3D7505CF94478AA9BC66D /* TaskTrackerShortcuts.swift */; };
		3832E50EC8C94100B1E5D563 /* AppIntents.framework in Frameworks */ = {isa = PBXBuildFile; fileRef = BB671D4DD3E74125BCCF9C27 /* AppIntents.framework */; };
		98ED9D5BA57A4D7A8A646A28 /* Foundation.framework in Frameworks */ = {isa = PBXBuildFile; fileRef = 455992ABD1564890BDDF1503 /* Foundation.framework */; };
/* End PBXBuildFile section */

/* Begin PBXFileReference section */
		5001A73F892C432FB8EBFD71 /* MauiAppIntentsSampleIntents.framework */ = {isa = PBXFileReference; explicitFileType = wrapper.framework; includeInIndex = 0; path = MauiAppIntentsSampleIntents.framework; sourceTree = BUILT_PRODUCTS_DIR; };
		C97404E80CA84932A41D5976 /* BridgeModels.swift */ = {isa = PBXFileReference; lastKnownFileType = sourcecode.swift; path = BridgeModels.swift; sourceTree = "<group>"; };
		F3FC6DC9427146D59CDC4DA0 /* TaskDataBridge.swift */ = {isa = PBXFileReference; lastKnownFileType = sourcecode.swift; path = TaskDataBridge.swift; sourceTree = "<group>"; };
		D4E5F6A7B8C94D01E2F3A4B5 /* IntentDonationBridge.swift */ = {isa = PBXFileReference; lastKnownFileType = sourcecode.swift; path = IntentDonationBridge.swift; sourceTree = "<group>"; };
		F05B21CBA03A466BA77688B6 /* TaskEntity.swift */ = {isa = PBXFileReference; lastKnownFileType = sourcecode.swift; path = TaskEntity.swift; sourceTree = "<group>"; };
		1FFA4953832849C3A27BCBC9 /* TaskQuery.swift */ = {isa = PBXFileReference; lastKnownFileType = sourcecode.swift; path = TaskQuery.swift; sourceTree = "<group>"; };
		B1BCAF89D4274312B0ACE4BD /* TaskCategory.swift */ = {isa = PBXFileReference; lastKnownFileType = sourcecode.swift; path = TaskCategory.swift; sourceTree = "<group>"; };
		21B9A059674C41EC844E9406 /* TaskPriority.swift */ = {isa = PBXFileReference; lastKnownFileType = sourcecode.swift; path = TaskPriority.swift; sourceTree = "<group>"; };
		EDCF0BED031843969DA1C7CA /* CompleteTaskIntent.swift */ = {isa = PBXFileReference; lastKnownFileType = sourcecode.swift; path = CompleteTaskIntent.swift; sourceTree = "<group>"; };
		9C2761A7E915436D962E21E4 /* CreateTaskIntent.swift */ = {isa = PBXFileReference; lastKnownFileType = sourcecode.swift; path = CreateTaskIntent.swift; sourceTree = "<group>"; };
		3597B37966494EC7824A91E4 /* IntentError.swift */ = {isa = PBXFileReference; lastKnownFileType = sourcecode.swift; path = IntentError.swift; sourceTree = "<group>"; };
		0B9F2B6AA35D42A0B6E518D8 /* ListTasksIntent.swift */ = {isa = PBXFileReference; lastKnownFileType = sourcecode.swift; path = ListTasksIntent.swift; sourceTree = "<group>"; };
		8B05D0D9BC974DD4B6AE43FB /* OpenTaskIntent.swift */ = {isa = PBXFileReference; lastKnownFileType = sourcecode.swift; path = OpenTaskIntent.swift; sourceTree = "<group>"; };
		A38B533F0BED40EEB61BA7BB /* SearchTasksIntent.swift */ = {isa = PBXFileReference; lastKnownFileType = sourcecode.swift; path = SearchTasksIntent.swift; sourceTree = "<group>"; };
		32CFD594E7B3496C8CED3D04 /* SetDueDateIntent.swift */ = {isa = PBXFileReference; lastKnownFileType = sourcecode.swift; path = SetDueDateIntent.swift; sourceTree = "<group>"; };
		E1B3D7505CF94478AA9BC66D /* TaskTrackerShortcuts.swift */ = {isa = PBXFileReference; lastKnownFileType = sourcecode.swift; path = TaskTrackerShortcuts.swift; sourceTree = "<group>"; };
		BB671D4DD3E74125BCCF9C27 /* AppIntents.framework */ = {isa = PBXFileReference; lastKnownFileType = wrapper.framework; name = AppIntents.framework; path = System/Library/Frameworks/AppIntents.framework; sourceTree = SDKROOT; };
		455992ABD1564890BDDF1503 /* Foundation.framework */ = {isa = PBXFileReference; lastKnownFileType = wrapper.framework; name = Foundation.framework; path = System/Library/Frameworks/Foundation.framework; sourceTree = SDKROOT; };
/* End PBXFileReference section */

/* Begin PBXFrameworksBuildPhase section */
		26D05098EF31467C93CA2F3D /* Frameworks */ = {
			isa = PBXFrameworksBuildPhase;
			buildActionMask = 2147483647;
			files = (
				3832E50EC8C94100B1E5D563 /* AppIntents.framework in Frameworks */,
				98ED9D5BA57A4D7A8A646A28 /* Foundation.framework in Frameworks */,
			);
			runOnlyForDeploymentPostprocessing = 0;
		};
/* End PBXFrameworksBuildPhase section */

/* Begin PBXGroup section */
		98A0EB0EF3F143E8BAA5D754 = {
			isa = PBXGroup;
			children = (
				12E0BF38B1CC40D888F20997 /* Sources */,
				B707A29BB9964932A7752CAF /* Frameworks */,
				8755EA0DEF3144679B59E099 /* Products */,
			);
			sourceTree = "<group>";
		};
		8755EA0DEF3144679B59E099 /* Products */ = {
			isa = PBXGroup;
			children = (
				5001A73F892C432FB8EBFD71 /* MauiAppIntentsSampleIntents.framework */,
			);
			name = Products;
			sourceTree = "<group>";
		};
		12E0BF38B1CC40D888F20997 /* Sources */ = {
			isa = PBXGroup;
			children = (
				4836F1EEBCF544569D02B5E1 /* Bridge */,
				0145F35980674FEFBC3C8CA7 /* Entities */,
				D873FC93B05E4EFAB6FDF5ED /* Enums */,
				9954F284FA814043AD92198E /* Intents */,
				5D3378F3E4804E2EBD329973 /* Shortcuts */,
			);
			path = Sources;
			sourceTree = "<group>";
		};
		4836F1EEBCF544569D02B5E1 /* Bridge */ = {
			isa = PBXGroup;
			children = (
				C97404E80CA84932A41D5976 /* BridgeModels.swift */,
				F3FC6DC9427146D59CDC4DA0 /* TaskDataBridge.swift */,
				D4E5F6A7B8C94D01E2F3A4B5 /* IntentDonationBridge.swift */,
			);
			path = Bridge;
			sourceTree = "<group>";
		};
		0145F35980674FEFBC3C8CA7 /* Entities */ = {
			isa = PBXGroup;
			children = (
				F05B21CBA03A466BA77688B6 /* TaskEntity.swift */,
				1FFA4953832849C3A27BCBC9 /* TaskQuery.swift */,
			);
			path = Entities;
			sourceTree = "<group>";
		};
		D873FC93B05E4EFAB6FDF5ED /* Enums */ = {
			isa = PBXGroup;
			children = (
				B1BCAF89D4274312B0ACE4BD /* TaskCategory.swift */,
				21B9A059674C41EC844E9406 /* TaskPriority.swift */,
			);
			path = Enums;
			sourceTree = "<group>";
		};
		9954F284FA814043AD92198E /* Intents */ = {
			isa = PBXGroup;
			children = (
				EDCF0BED031843969DA1C7CA /* CompleteTaskIntent.swift */,
				9C2761A7E915436D962E21E4 /* CreateTaskIntent.swift */,
				3597B37966494EC7824A91E4 /* IntentError.swift */,
				0B9F2B6AA35D42A0B6E518D8 /* ListTasksIntent.swift */,
				8B05D0D9BC974DD4B6AE43FB /* OpenTaskIntent.swift */,
				A38B533F0BED40EEB61BA7BB /* SearchTasksIntent.swift */,
				32CFD594E7B3496C8CED3D04 /* SetDueDateIntent.swift */,
			);
			path = Intents;
			sourceTree = "<group>";
		};
		5D3378F3E4804E2EBD329973 /* Shortcuts */ = {
			isa = PBXGroup;
			children = (
				E1B3D7505CF94478AA9BC66D /* TaskTrackerShortcuts.swift */,
			);
			path = Shortcuts;
			sourceTree = "<group>";
		};
		B707A29BB9964932A7752CAF /* Frameworks */ = {
			isa = PBXGroup;
			children = (
				BB671D4DD3E74125BCCF9C27 /* AppIntents.framework */,
				455992ABD1564890BDDF1503 /* Foundation.framework */,
			);
			name = Frameworks;
			sourceTree = "<group>";
		};
/* End PBXGroup section */

/* Begin PBXHeadersBuildPhase section */
		A089C034AF094A2CADF72EB8 /* Headers */ = {
			isa = PBXHeadersBuildPhase;
			buildActionMask = 2147483647;
			files = (
			);
			runOnlyForDeploymentPostprocessing = 0;
		};
/* End PBXHeadersBuildPhase section */

/* Begin PBXNativeTarget section */
		208E0CFE4E7E4D318A2C5DD7 /* MauiAppIntentsSampleIntents */ = {
			isa = PBXNativeTarget;
			buildConfigurationList = 7F8BC3B0D71A44A283739A9F /* Build configuration list for PBXNativeTarget "MauiAppIntentsSampleIntents" */;
			buildPhases = (
				BB98F8F378484FB7807B59EA /* Sources */,
				26D05098EF31467C93CA2F3D /* Frameworks */,
				A089C034AF094A2CADF72EB8 /* Headers */,
			);
			buildRules = (
			);
			dependencies = (
			);
			name = MauiAppIntentsSampleIntents;
			productName = MauiAppIntentsSampleIntents;
			productReference = 5001A73F892C432FB8EBFD71 /* MauiAppIntentsSampleIntents.framework */;
			productType = "com.apple.product-type.framework";
		};
/* End PBXNativeTarget section */

/* Begin PBXProject section */
		7869B9649016470596FCE986 /* Project object */ = {
			isa = PBXProject;
			buildConfigurationList = 895BAF2B7BB348349D42FCF5 /* Build configuration list for PBXProject "MauiAppIntentsSampleIntents" */;
			compatibilityVersion = "Xcode 14.0";
			developmentRegion = en;
			hasScannedForEncodings = 0;
			knownRegions = (
				en,
				Base,
			);
			mainGroup = 98A0EB0EF3F143E8BAA5D754;
			productRefGroup = 8755EA0DEF3144679B59E099 /* Products */;
			projectDirPath = "";
			projectRoot = "";
			targets = (
				208E0CFE4E7E4D318A2C5DD7 /* MauiAppIntentsSampleIntents */,
			);
		};
/* End PBXProject section */

/* Begin PBXSourcesBuildPhase section */
		BB98F8F378484FB7807B59EA /* Sources */ = {
			isa = PBXSourcesBuildPhase;
			buildActionMask = 2147483647;
			files = (
				7226C46FCD8F4DFBB52F1D79 /* BridgeModels.swift in Sources */,
				FD24C456386B4B059CA07A16 /* TaskDataBridge.swift in Sources */,
				A1B2C3D4E5F64789ABCDEF01 /* IntentDonationBridge.swift in Sources */,
				398BD605B526486BB390C549 /* TaskEntity.swift in Sources */,
				7D39510F6CF14C44A6A3650A /* TaskQuery.swift in Sources */,
				3D4E41C4A4A2495883DEB9EF /* TaskCategory.swift in Sources */,
				3301E426EA7949C593D61DFF /* TaskPriority.swift in Sources */,
				1CBF82E8F433452C9ADE2C03 /* CompleteTaskIntent.swift in Sources */,
				B4361D2814604C68B6593EC3 /* CreateTaskIntent.swift in Sources */,
				8B3785D15B874EF48021D49F /* IntentError.swift in Sources */,
				C38B7224DDF9421082A3C385 /* ListTasksIntent.swift in Sources */,
				623995CB5BB9418287791336 /* OpenTaskIntent.swift in Sources */,
				088F367153B146A68040FFA1 /* SearchTasksIntent.swift in Sources */,
				C2BB62EF503D4776B54283C1 /* SetDueDateIntent.swift in Sources */,
				F3AC0851F8604FF89131B814 /* TaskTrackerShortcuts.swift in Sources */,
			);
			runOnlyForDeploymentPostprocessing = 0;
		};
/* End PBXSourcesBuildPhase section */

/* Begin XCBuildConfiguration section */
		94F9D71EEC76458ABAA36D9B /* Debug */ = {
			isa = XCBuildConfiguration;
			buildSettings = {
				ALWAYS_SEARCH_USER_PATHS = NO;
				CLANG_CXX_LANGUAGE_STANDARD = "gnu++20";
				COPY_PHASE_STRIP = NO;
				DEBUG_INFORMATION_FORMAT = dwarf;
				GCC_OPTIMIZATION_LEVEL = 0;
				GCC_PREPROCESSOR_DEFINITIONS = (
					"DEBUG=1",
					"$(inherited)",
				);
				ONLY_ACTIVE_ARCH = YES;
				SDKROOT = iphoneos;
				SWIFT_ACTIVE_COMPILATION_CONDITIONS = "$(inherited) DEBUG";
				SWIFT_OPTIMIZATION_LEVEL = "-Onone";
			};
			name = Debug;
		};
		35A9BD1F489E4EAC82FCB23A /* Release */ = {
			isa = XCBuildConfiguration;
			buildSettings = {
				ALWAYS_SEARCH_USER_PATHS = NO;
				CLANG_CXX_LANGUAGE_STANDARD = "gnu++20";
				COPY_PHASE_STRIP = NO;
				DEBUG_INFORMATION_FORMAT = "dwarf-with-dsym";
				GCC_OPTIMIZATION_LEVEL = s;
				SDKROOT = iphoneos;
				SWIFT_COMPILATION_MODE = wholemodule;
				VALIDATE_PRODUCT = YES;
			};
			name = Release;
		};
		7F45EAFF0FB54489BE307DC8 /* Debug */ = {
			isa = XCBuildConfiguration;
			buildSettings = {

CLANG_ENABLE_MODULES = YES;
CODE_SIGN_STYLE = Automatic;
CURRENT_PROJECT_VERSION = 1;
DEFINES_MODULE = YES;
DYLIB_COMPATIBILITY_VERSION = 1;
DYLIB_CURRENT_VERSION = 1;
DYLIB_INSTALL_NAME_BASE = "@rpath";
GENERATE_INFOPLIST_FILE = YES;
INFOPLIST_KEY_NSHumanReadableCopyright = "";
INSTALL_PATH = "$(LOCAL_LIBRARY_DIR)/Frameworks";
IPHONEOS_DEPLOYMENT_TARGET = 17.0;
LD_RUNPATH_SEARCH_PATHS = (
"$(inherited)",
"@executable_path/Frameworks",
"@loader_path/Frameworks",
);
MARKETING_VERSION = 1.0;
PRODUCT_BUNDLE_IDENTIFIER = com.companyname.mauiappintentssample.intents;
PRODUCT_NAME = "$(TARGET_NAME:c99extidentifier)";
SKIP_INSTALL = NO;
SWIFT_EMIT_LOC_STRINGS = YES;
SWIFT_INSTALL_OBJC_HEADER = YES;
SWIFT_REFLECTION_METADATA_LEVEL = all;
SWIFT_VERSION = 5.0;
TARGETED_DEVICE_FAMILY = "1,2";

			};
			name = Debug;
		};
		5079CC7107924F97BFCE0183 /* Release */ = {
			isa = XCBuildConfiguration;
			buildSettings = {

CLANG_ENABLE_MODULES = YES;
CODE_SIGN_STYLE = Automatic;
CURRENT_PROJECT_VERSION = 1;
DEFINES_MODULE = YES;
DYLIB_COMPATIBILITY_VERSION = 1;
DYLIB_CURRENT_VERSION = 1;
DYLIB_INSTALL_NAME_BASE = "@rpath";
GENERATE_INFOPLIST_FILE = YES;
INFOPLIST_KEY_NSHumanReadableCopyright = "";
INSTALL_PATH = "$(LOCAL_LIBRARY_DIR)/Frameworks";
IPHONEOS_DEPLOYMENT_TARGET = 17.0;
LD_RUNPATH_SEARCH_PATHS = (
"$(inherited)",
"@executable_path/Frameworks",
"@loader_path/Frameworks",
);
MARKETING_VERSION = 1.0;
PRODUCT_BUNDLE_IDENTIFIER = com.companyname.mauiappintentssample.intents;
PRODUCT_NAME = "$(TARGET_NAME:c99extidentifier)";
SKIP_INSTALL = NO;
SWIFT_EMIT_LOC_STRINGS = YES;
SWIFT_INSTALL_OBJC_HEADER = YES;
SWIFT_REFLECTION_METADATA_LEVEL = all;
SWIFT_VERSION = 5.0;
TARGETED_DEVICE_FAMILY = "1,2";

			};
			name = Release;
		};
/* End XCBuildConfiguration section */

/* Begin XCConfigurationList section */
		895BAF2B7BB348349D42FCF5 /* Build configuration list for PBXProject "MauiAppIntentsSampleIntents" */ = {
			isa = XCConfigurationList;
			buildConfigurations = (
				94F9D71EEC76458ABAA36D9B /* Debug */,
				35A9BD1F489E4EAC82FCB23A /* Release */,
			);
			defaultConfigurationIsVisible = 0;
			defaultConfigurationName = Release;
		};
		7F8BC3B0D71A44A283739A9F /* Build configuration list for PBXNativeTarget "MauiAppIntentsSampleIntents" */ = {
			isa = XCConfigurationList;
			buildConfigurations = (
				7F45EAFF0FB54489BE307DC8 /* Debug */,
				5079CC7107924F97BFCE0183 /* Release */,
			);
			defaultConfigurationIsVisible = 0;
			defaultConfigurationName = Release;
		};
/* End XCConfigurationList section */
	};
	rootObject = 7869B9649016470596FCE986 /* Project object */;
}
